
Microsoft Visual Studio Solution File, Format Version 12.00
# Visual Studio 15
VisualStudioVersion = 15.0.27130.2027
MinimumVisualStudioVersion = 10.0.40219.1
Project("{FAE04EC0-301F-11D3-BF4B-00C04F79EFBC}") = "ModelCompare", "Datacubist\ModelCompare\ModelCompare.csproj", "{AE51E34C-5E3A-4067-A3A3-699F8FE237CD}"
EndProject
Project("{2150E333-8FDC-42A3-9474-1A3956D46DE8}") = "Datacubist", "Datacubist", "{84974B16-A7FF-4227-BBD9-82CB5174E539}"
EndProject
Project("{FAE04EC0-301F-11D3-BF4B-00C04F79EFBC}") = "Datacubist.Common", "Datacubist\Datacubist.Common\Datacubist.Common.csproj", "{52D4278B-13F1-4555-9BD5-7EED64F6E832}"
EndProject
Project("{FAE04EC0-301F-11D3-BF4B-00C04F79EFBC}") = "Datacubist.ModelViews", "Datacubist\Datacubist.ModelViews\Datacubist.ModelViews.csproj", "{F22A730F-E366-4950-B07B-B062428CEE5A}"
EndProject
Project("{FAE04EC0-301F-11D3-BF4B-00C04F79EFBC}") = "Datacubist.Palettes", "Datacubist\Datacubist.Palettes\Datacubist.Palettes.csproj", "{4291CBC4-A48D-4D3B-A4AE-3CE4C3091DF1}"
EndProject
Project("{FAE04EC0-301F-11D3-BF4B-00C04F79EFBC}") = "Datacubist.Workspaces", "Datacubist\Datacubist.Workspaces\Datacubist.Workspaces.csproj", "{F3BE9F02-E4CE-4115-BA86-D088A402843A}"
EndProject
Project("{2150E333-8FDC-42A3-9474-1A3956D46DE8}") = "OpenStudio", "OpenStudio", "{92BB5BDA-7016-4DB6-BAB1-13B09159D184}"
EndProject
Project("{FAE04EC0-301F-11D3-BF4B-00C04F79EFBC}") = "OpenStudioMeasuresViewer", "OpenStudio\OpenStudioMeasuresViewer\OpenStudioMeasuresViewer.csproj", "{4DAAEF65-D469-444F-A4D7-10128444234B}"
EndProject
Project("{2150E333-8FDC-42A3-9474-1A3956D46DE8}") = "Shared", "Shared", "{4F377428-7190-4AD5-BCA2-C2E7F688EB05}"
EndProject
Project("{FAE04EC0-301F-11D3-BF4B-00C04F79EFBC}") = "BIMTools.Shared", "Shared\BIMTools.Shared\BIMTools.Shared.csproj", "{91FAE66F-D31A-4352-A2F7-9BE56F54EF21}"
EndProject
Project("{2150E333-8FDC-42A3-9474-1A3956D46DE8}") = "BIMServer", "BIMServer", "{BCD31C42-94BB-4ADC-8459-6754A6E13462}"
EndProject
Project("{FAE04EC0-301F-11D3-BF4B-00C04F79EFBC}") = "BiMserverClient", "BIMserver\BiMserverClient\BiMserverClient.csproj", "{73250672-334E-48A0-B427-E460B7B6458E}"
EndProject
Project("{2150E333-8FDC-42A3-9474-1A3956D46DE8}") = "xBIMInvestigator", "xBIMInvestigator", "{FFD69337-DF49-4312-B73D-377E85A5E0B0}"
EndProject
Project("{FAE04EC0-301F-11D3-BF4B-00C04F79EFBC}") = "XbimInvestigator.Common", "xBIM\XbimInvestigator.Common\XbimInvestigator.Common.csproj", "{7B90D204-8369-4601-9DDF-423B58163BA9}"
EndProject
Project("{FAE04EC0-301F-11D3-BF4B-00C04F79EFBC}") = "XbimInvestigator", "xBIM\XbimInvestigator\XbimInvestigator.csproj", "{8E9AAD0B-55B8-4D3C-B9D4-A3BCD422A812}"
EndProject
Project("{FAE04EC0-301F-11D3-BF4B-00C04F79EFBC}") = "XbimInvestigator.Business", "xBIM\XbimInvestigator.Business\XbimInvestigator.Business.csproj", "{301ED9F4-4636-4DA2-9444-C68FE0D7A200}"
EndProject
Global
	GlobalSection(SolutionConfigurationPlatforms) = preSolution
		Debug|Any CPU = Debug|Any CPU
		Debug|x64 = Debug|x64
		Release|Any CPU = Release|Any CPU
		Release|x64 = Release|x64
	EndGlobalSection
	GlobalSection(ProjectConfigurationPlatforms) = postSolution
		{AE51E34C-5E3A-4067-A3A3-699F8FE237CD}.Debug|Any CPU.ActiveCfg = Debug|Any CPU
		{AE51E34C-5E3A-4067-A3A3-699F8FE237CD}.Debug|Any CPU.Build.0 = Debug|Any CPU
		{AE51E34C-5E3A-4067-A3A3-699F8FE237CD}.Debug|x64.ActiveCfg = Debug|x64
		{AE51E34C-5E3A-4067-A3A3-699F8FE237CD}.Debug|x64.Build.0 = Debug|x64
		{AE51E34C-5E3A-4067-A3A3-699F8FE237CD}.Release|Any CPU.ActiveCfg = Release|Any CPU
		{AE51E34C-5E3A-4067-A3A3-699F8FE237CD}.Release|Any CPU.Build.0 = Release|Any CPU
		{AE51E34C-5E3A-4067-A3A3-699F8FE237CD}.Release|x64.ActiveCfg = Release|x64
		{AE51E34C-5E3A-4067-A3A3-699F8FE237CD}.Release|x64.Build.0 = Release|x64
		{52D4278B-13F1-4555-9BD5-7EED64F6E832}.Debug|Any CPU.ActiveCfg = Debug|Any CPU
		{52D4278B-13F1-4555-9BD5-7EED64F6E832}.Debug|Any CPU.Build.0 = Debug|Any CPU
		{52D4278B-13F1-4555-9BD5-7EED64F6E832}.Debug|x64.ActiveCfg = Debug|x64
		{52D4278B-13F1-4555-9BD5-7EED64F6E832}.Debug|x64.Build.0 = Debug|x64
		{52D4278B-13F1-4555-9BD5-7EED64F6E832}.Release|Any CPU.ActiveCfg = Release|Any CPU
		{52D4278B-13F1-4555-9BD5-7EED64F6E832}.Release|Any CPU.Build.0 = Release|Any CPU
		{52D4278B-13F1-4555-9BD5-7EED64F6E832}.Release|x64.ActiveCfg = Release|x64
		{52D4278B-13F1-4555-9BD5-7EED64F6E832}.Release|x64.Build.0 = Release|x64
		{F22A730F-E366-4950-B07B-B062428CEE5A}.Debug|Any CPU.ActiveCfg = Debug|Any CPU
		{F22A730F-E366-4950-B07B-B062428CEE5A}.Debug|Any CPU.Build.0 = Debug|Any CPU
		{F22A730F-E366-4950-B07B-B062428CEE5A}.Debug|x64.ActiveCfg = Debug|x64
		{F22A730F-E366-4950-B07B-B062428CEE5A}.Debug|x64.Build.0 = Debug|x64
		{F22A730F-E366-4950-B07B-B062428CEE5A}.Release|Any CPU.ActiveCfg = Release|Any CPU
		{F22A730F-E366-4950-B07B-B062428CEE5A}.Release|Any CPU.Build.0 = Release|Any CPU
		{F22A730F-E366-4950-B07B-B062428CEE5A}.Release|x64.ActiveCfg = Release|x64
		{F22A730F-E366-4950-B07B-B062428CEE5A}.Release|x64.Build.0 = Release|x64
		{4291CBC4-A48D-4D3B-A4AE-3CE4C3091DF1}.Debug|Any CPU.ActiveCfg = Debug|Any CPU
		{4291CBC4-A48D-4D3B-A4AE-3CE4C3091DF1}.Debug|Any CPU.Build.0 = Debug|Any CPU
		{4291CBC4-A48D-4D3B-A4AE-3CE4C3091DF1}.Debug|x64.ActiveCfg = Debug|x64
		{4291CBC4-A48D-4D3B-A4AE-3CE4C3091DF1}.Debug|x64.Build.0 = Debug|x64
		{4291CBC4-A48D-4D3B-A4AE-3CE4C3091DF1}.Release|Any CPU.ActiveCfg = Release|Any CPU
		{4291CBC4-A48D-4D3B-A4AE-3CE4C3091DF1}.Release|Any CPU.Build.0 = Release|Any CPU
		{4291CBC4-A48D-4D3B-A4AE-3CE4C3091DF1}.Release|x64.ActiveCfg = Release|x64
		{4291CBC4-A48D-4D3B-A4AE-3CE4C3091DF1}.Release|x64.Build.0 = Release|x64
		{F3BE9F02-E4CE-4115-BA86-D088A402843A}.Debug|Any CPU.ActiveCfg = Debug|Any CPU
		{F3BE9F02-E4CE-4115-BA86-D088A402843A}.Debug|Any CPU.Build.0 = Debug|Any CPU
		{F3BE9F02-E4CE-4115-BA86-D088A402843A}.Debug|x64.ActiveCfg = Debug|x64
		{F3BE9F02-E4CE-4115-BA86-D088A402843A}.Debug|x64.Build.0 = Debug|x64
		{F3BE9F02-E4CE-4115-BA86-D088A402843A}.Release|Any CPU.ActiveCfg = Release|Any CPU
		{F3BE9F02-E4CE-4115-BA86-D088A402843A}.Release|Any CPU.Build.0 = Release|Any CPU
		{F3BE9F02-E4CE-4115-BA86-D088A402843A}.Release|x64.ActiveCfg = Release|x64
		{F3BE9F02-E4CE-4115-BA86-D088A402843A}.Release|x64.Build.0 = Release|x64
		{4DAAEF65-D469-444F-A4D7-10128444234B}.Debug|Any CPU.ActiveCfg = Debug|Any CPU
		{4DAAEF65-D469-444F-A4D7-10128444234B}.Debug|Any CPU.Build.0 = Debug|Any CPU
		{4DAAEF65-D469-444F-A4D7-10128444234B}.Debug|x64.ActiveCfg = Debug|Any CPU
		{4DAAEF65-D469-444F-A4D7-10128444234B}.Debug|x64.Build.0 = Debug|Any CPU
		{4DAAEF65-D469-444F-A4D7-10128444234B}.Release|Any CPU.ActiveCfg = Release|Any CPU
		{4DAAEF65-D469-444F-A4D7-10128444234B}.Release|Any CPU.Build.0 = Release|Any CPU
		{4DAAEF65-D469-444F-A4D7-10128444234B}.Release|x64.ActiveCfg = Release|Any CPU
		{4DAAEF65-D469-444F-A4D7-10128444234B}.Release|x64.Build.0 = Release|Any CPU
		{91FAE66F-D31A-4352-A2F7-9BE56F54EF21}.Debug|Any CPU.ActiveCfg = Debug|Any CPU
		{91FAE66F-D31A-4352-A2F7-9BE56F54EF21}.Debug|Any CPU.Build.0 = Debug|Any CPU
		{91FAE66F-D31A-4352-A2F7-9BE56F54EF21}.Debug|x64.ActiveCfg = Debug|Any CPU
		{91FAE66F-D31A-4352-A2F7-9BE56F54EF21}.Debug|x64.Build.0 = Debug|Any CPU
		{91FAE66F-D31A-4352-A2F7-9BE56F54EF21}.Release|Any CPU.ActiveCfg = Release|Any CPU
		{91FAE66F-D31A-4352-A2F7-9BE56F54EF21}.Release|Any CPU.Build.0 = Release|Any CPU
		{91FAE66F-D31A-4352-A2F7-9BE56F54EF21}.Release|x64.ActiveCfg = Release|Any CPU
		{91FAE66F-D31A-4352-A2F7-9BE56F54EF21}.Release|x64.Build.0 = Release|Any CPU
		{73250672-334E-48A0-B427-E460B7B6458E}.Debug|Any CPU.ActiveCfg = Debug|Any CPU
		{73250672-334E-48A0-B427-E460B7B6458E}.Debug|Any CPU.Build.0 = Debug|Any CPU
		{73250672-334E-48A0-B427-E460B7B6458E}.Debug|x64.ActiveCfg = Debug|Any CPU
		{73250672-334E-48A0-B427-E460B7B6458E}.Debug|x64.Build.0 = Debug|Any CPU
		{73250672-334E-48A0-B427-E460B7B6458E}.Release|Any CPU.ActiveCfg = Release|Any CPU
		{73250672-334E-48A0-B427-E460B7B6458E}.Release|Any CPU.Build.0 = Release|Any CPU
		{73250672-334E-48A0-B427-E460B7B6458E}.Release|x64.ActiveCfg = Release|Any CPU
		{73250672-334E-48A0-B427-E460B7B6458E}.Release|x64.Build.0 = Release|Any CPU
		{7B90D204-8369-4601-9DDF-423B58163BA9}.Debug|Any CPU.ActiveCfg = Debug|Any CPU
		{7B90D204-8369-4601-9DDF-423B58163BA9}.Debug|Any CPU.Build.0 = Debug|Any CPU
		{7B90D204-8369-4601-9DDF-423B58163BA9}.Debug|x64.ActiveCfg = Debug|Any CPU
		{7B90D204-8369-4601-9DDF-423B58163BA9}.Debug|x64.Build.0 = Debug|Any CPU
		{7B90D204-8369-4601-9DDF-423B58163BA9}.Release|Any CPU.ActiveCfg = Release|Any CPU
		{7B90D204-8369-4601-9DDF-423B58163BA9}.Release|Any CPU.Build.0 = Release|Any CPU
		{7B90D204-8369-4601-9DDF-423B58163BA9}.Release|x64.ActiveCfg = Release|Any CPU
		{7B90D204-8369-4601-9DDF-423B58163BA9}.Release|x64.Build.0 = Release|Any CPU
		{8E9AAD0B-55B8-4D3C-B9D4-A3BCD422A812}.Debug|Any CPU.ActiveCfg = Debug|Any CPU
		{8E9AAD0B-55B8-4D3C-B9D4-A3BCD422A812}.Debug|Any CPU.Build.0 = Debug|Any CPU
		{8E9AAD0B-55B8-4D3C-B9D4-A3BCD422A812}.Debug|x64.ActiveCfg = Debug|Any CPU
		{8E9AAD0B-55B8-4D3C-B9D4-A3BCD422A812}.Debug|x64.Build.0 = Debug|Any CPU
		{8E9AAD0B-55B8-4D3C-B9D4-A3BCD422A812}.Release|Any CPU.ActiveCfg = Release|Any CPU
		{8E9AAD0B-55B8-4D3C-B9D4-A3BCD422A812}.Release|Any CPU.Build.0 = Release|Any CPU
		{8E9AAD0B-55B8-4D3C-B9D4-A3BCD422A812}.Release|x64.ActiveCfg = Release|Any CPU
		{8E9AAD0B-55B8-4D3C-B9D4-A3BCD422A812}.Release|x64.Build.0 = Release|Any CPU
		{301ED9F4-4636-4DA2-9444-C68FE0D7A200}.Debug|Any CPU.ActiveCfg = Debug|Any CPU
		{301ED9F4-4636-4DA2-9444-C68FE0D7A200}.Debug|Any CPU.Build.0 = Debug|Any CPU
		{301ED9F4-4636-4DA2-9444-C68FE0D7A200}.Debug|x64.ActiveCfg = Debug|Any CPU
		{301ED9F4-4636-4DA2-9444-C68FE0D7A200}.Debug|x64.Build.0 = Debug|Any CPU
		{301ED9F4-4636-4DA2-9444-C68FE0D7A200}.Release|Any CPU.ActiveCfg = Release|Any CPU
		{301ED9F4-4636-4DA2-9444-C68FE0D7A200}.Release|Any CPU.Build.0 = Release|Any CPU
		{301ED9F4-4636-4DA2-9444-C68FE0D7A200}.Release|x64.ActiveCfg = Release|Any CPU
		{301ED9F4-4636-4DA2-9444-C68FE0D7A200}.Release|x64.Build.0 = Release|Any CPU
	EndGlobalSection
	GlobalSection(SolutionProperties) = preSolution
		HideSolutionNode = FALSE
	EndGlobalSection
	GlobalSection(NestedProjects) = preSolution
		{AE51E34C-5E3A-4067-A3A3-699F8FE237CD} = {84974B16-A7FF-4227-BBD9-82CB5174E539}
		{52D4278B-13F1-4555-9BD5-7EED64F6E832} = {84974B16-A7FF-4227-BBD9-82CB5174E539}
		{F22A730F-E366-4950-B07B-B062428CEE5A} = {84974B16-A7FF-4227-BBD9-82CB5174E539}
		{4291CBC4-A48D-4D3B-A4AE-3CE4C3091DF1} = {84974B16-A7FF-4227-BBD9-82CB5174E539}
		{F3BE9F02-E4CE-4115-BA86-D088A402843A} = {84974B16-A7FF-4227-BBD9-82CB5174E539}
		{4DAAEF65-D469-444F-A4D7-10128444234B} = {92BB5BDA-7016-4DB6-BAB1-13B09159D184}
		{91FAE66F-D31A-4352-A2F7-9BE56F54EF21} = {4F377428-7190-4AD5-BCA2-C2E7F688EB05}
		{73250672-334E-48A0-B427-E460B7B6458E} = {BCD31C42-94BB-4ADC-8459-6754A6E13462}
		{7B90D204-8369-4601-9DDF-423B58163BA9} = {FFD69337-DF49-4312-B73D-377E85A5E0B0}
		{8E9AAD0B-55B8-4D3C-B9D4-A3BCD422A812} = {FFD69337-DF49-4312-B73D-377E85A5E0B0}
		{301ED9F4-4636-4DA2-9444-C68FE0D7A200} = {FFD69337-DF49-4312-B73D-377E85A5E0B0}
	EndGlobalSection
	GlobalSection(ExtensibilityGlobals) = postSolution
		SolutionGuid = {D5B83A1D-EAF9-45F2-B72C-D0E885BED5A0}
	EndGlobalSection
EndGlobal
